
Microsoft Visual Studio Solution File, Format Version 12.00
# Visual Studio Version 17
VisualStudioVersion = 17.1.32228.430
MinimumVisualStudioVersion = 10.0.40219.1
Project("{FAE04EC0-301F-11D3-BF4B-00C04F79EFBC}") = "WebApplication2", "WebApplication2\WebApplication2.csproj", "{70167B16-16D9-418B-B3E5-32B5075A26BD}"
EndProject
Project("{FAE04EC0-301F-11D3-BF4B-00C04F79EFBC}") = "TestProject1", "TestProject1\TestProject1.csproj", "{B49E375B-29A6-45A9-87E4-B6D69C85C281}"
EndProject
Global
	GlobalSection(SolutionConfigurationPlatforms) = preSolution
		Debug|Any CPU = Debug|Any CPU
		Release|Any CPU = Release|Any CPU
	EndGlobalSection
	GlobalSection(ProjectConfigurationPlatforms) = postSolution
		{70167B16-16D9-418B-B3E5-32B5075A26BD}.Debug|Any CPU.ActiveCfg = Debug|Any CPU
		{70167B16-16D9-418B-B3E5-32B5075A26BD}.Debug|Any CPU.Build.0 = Debug|Any CPU
		{70167B16-16D9-418B-B3E5-32B5075A26BD}.Release|Any CPU.ActiveCfg = Release|Any CPU
		{70167B16-16D9-418B-B3E5-32B5075A26BD}.Release|Any CPU.Build.0 = Release|Any CPU
		{B49E375B-29A6-45A9-87E4-B6D69C85C281}.Debug|Any CPU.ActiveCfg = Debug|Any CPU
		{B49E375B-29A6-45A9-87E4-B6D69C85C281}.Debug|Any CPU.Build.0 = Debug|Any CPU
		{B49E375B-29A6-45A9-87E4-B6D69C85C281}.Release|Any CPU.ActiveCfg = Release|Any CPU
		{B49E375B-29A6-45A9-87E4-B6D69C85C281}.Release|Any CPU.Build.0 = Release|Any CPU
	EndGlobalSection
	GlobalSection(SolutionProperties) = preSolution
		HideSolutionNode = FALSE
	EndGlobalSection
	GlobalSection(ExtensibilityGlobals) = postSolution
		SolutionGuid = {AD440415-7C11-4E85-BB25-EC2677312D8C}
	EndGlobalSection
EndGlobal
